
Microsoft Visual Studio Solution File, Format Version 12.00
# Visual Studio Version 17
VisualStudioVersion = 17.14.36518.9
MinimumVisualStudioVersion = 10.0.40219.1
Project("{2150E333-8FDC-42A3-9474-1A3956D46DE8}") = "Task0", "Task0", "{02EA681E-C7D8-13C7-8484-4AC65E1B71E8}"
EndProject
Project("{FAE04EC0-301F-11D3-BF4B-00C04F79EFBC}") = "Tyuiu.YachmenevaPV.Sprint5.Task0.V11", "Tyuiu.YachmenevaPV.Sprint5.Task0.V11\Tyuiu.YachmenevaPV.Sprint5.Task0.V11.csproj", "{0F8BBE0F-6266-4F9B-8BD7-50E918D3B8ED}"
EndProject
Project("{FAE04EC0-301F-11D3-BF4B-00C04F79EFBC}") = "Tyuiu.YachmenevaPV.Sprint5.Task0.V11.Lib", "Tyuiu.YachmenevaPV.Sprint5.Task0.V11.Lib\Tyuiu.YachmenevaPV.Sprint5.Task0.V11.Lib.csproj", "{55FCA17A-F273-49EA-9475-553F8C6F86B1}"
EndProject
Project("{FAE04EC0-301F-11D3-BF4B-00C04F79EFBC}") = "Tyuiu.YachmenevaPV.Sprint5.Task0.V11.Test", "Tyuiu.YachmenevaPV.Sprint5.Task0.V11.Test\Tyuiu.YachmenevaPV.Sprint5.Task0.V11.Test.csproj", "{89B95FA9-71DB-4CFF-987D-3BE0FA7464A6}"
EndProject
Project("{2150E333-8FDC-42A3-9474-1A3956D46DE8}") = "Task1", "Task1", "{7C738EBF-E112-40E6-9E5C-911FBFF09C0D}"
EndProject
Project("{FAE04EC0-301F-11D3-BF4B-00C04F79EFBC}") = "Tyuiu.YachmenevaPV.Sprint5.Task1.V9", "Tyuiu.YachmenevaPV.Sprint5.Task1.V9\Tyuiu.YachmenevaPV.Sprint5.Task1.V9.csproj", "{36BB3D8E-FF79-4B1D-88C2-6EE42E90811E}"
EndProject
Project("{FAE04EC0-301F-11D3-BF4B-00C04F79EFBC}") = "Tyuiu.YachmenevaPV.Sprint5.Task1.V9.Lib", "Tyuiu.YachmenevaPV.Sprint5.Task1.V9.Lib\Tyuiu.YachmenevaPV.Sprint5.Task1.V9.Lib.csproj", "{32AB1060-AD38-4D3A-99C1-1ADC26E2CA32}"
EndProject
Project("{FAE04EC0-301F-11D3-BF4B-00C04F79EFBC}") = "Tyuiu.YachmenevaPV.Sprint5.Task1.V9.Test", "Tyuiu.YachmenevaPV.Sprint5.Task1.V9.Test\Tyuiu.YachmenevaPV.Sprint5.Task1.V9.Test.csproj", "{BA751510-9A20-42C2-B220-B59FE6477476}"
EndProject
Global
	GlobalSection(SolutionConfigurationPlatforms) = preSolution
		Debug|Any CPU = Debug|Any CPU
		Release|Any CPU = Release|Any CPU
	EndGlobalSection
	GlobalSection(ProjectConfigurationPlatforms) = postSolution
		{0F8BBE0F-6266-4F9B-8BD7-50E918D3B8ED}.Debug|Any CPU.ActiveCfg = Debug|Any CPU
		{0F8BBE0F-6266-4F9B-8BD7-50E918D3B8ED}.Debug|Any CPU.Build.0 = Debug|Any CPU
		{0F8BBE0F-6266-4F9B-8BD7-50E918D3B8ED}.Release|Any CPU.ActiveCfg = Release|Any CPU
		{0F8BBE0F-6266-4F9B-8BD7-50E918D3B8ED}.Release|Any CPU.Build.0 = Release|Any CPU
		{55FCA17A-F273-49EA-9475-553F8C6F86B1}.Debug|Any CPU.ActiveCfg = Debug|Any CPU
		{55FCA17A-F273-49EA-9475-553F8C6F86B1}.Debug|Any CPU.Build.0 = Debug|Any CPU
		{55FCA17A-F273-49EA-9475-553F8C6F86B1}.Release|Any CPU.ActiveCfg = Release|Any CPU
		{55FCA17A-F273-49EA-9475-553F8C6F86B1}.Release|Any CPU.Build.0 = Release|Any CPU
		{89B95FA9-71DB-4CFF-987D-3BE0FA7464A6}.Debug|Any CPU.ActiveCfg = Debug|Any CPU
		{89B95FA9-71DB-4CFF-987D-3BE0FA7464A6}.Debug|Any CPU.Build.0 = Debug|Any CPU
		{89B95FA9-71DB-4CFF-987D-3BE0FA7464A6}.Release|Any CPU.ActiveCfg = Release|Any CPU
		{89B95FA9-71DB-4CFF-987D-3BE0FA7464A6}.Release|Any CPU.Build.0 = Release|Any CPU
		{36BB3D8E-FF79-4B1D-88C2-6EE42E90811E}.Debug|Any CPU.ActiveCfg = Debug|Any CPU
		{36BB3D8E-FF79-4B1D-88C2-6EE42E90811E}.Debug|Any CPU.Build.0 = Debug|Any CPU
		{36BB3D8E-FF79-4B1D-88C2-6EE42E90811E}.Release|Any CPU.ActiveCfg = Release|Any CPU
		{36BB3D8E-FF79-4B1D-88C2-6EE42E90811E}.Release|Any CPU.Build.0 = Release|Any CPU
		{32AB1060-AD38-4D3A-99C1-1ADC26E2CA32}.Debug|Any CPU.ActiveCfg = Debug|Any CPU
		{32AB1060-AD38-4D3A-99C1-1ADC26E2CA32}.Debug|Any CPU.Build.0 = Debug|Any CPU
		{32AB1060-AD38-4D3A-99C1-1ADC26E2CA32}.Release|Any CPU.ActiveCfg = Release|Any CPU
		{32AB1060-AD38-4D3A-99C1-1ADC26E2CA32}.Release|Any CPU.Build.0 = Release|Any CPU
		{BA751510-9A20-42C2-B220-B59FE6477476}.Debug|Any CPU.ActiveCfg = Debug|Any CPU
		{BA751510-9A20-42C2-B220-B59FE6477476}.Debug|Any CPU.Build.0 = Debug|Any CPU
		{BA751510-9A20-42C2-B220-B59FE6477476}.Release|Any CPU.ActiveCfg = Release|Any CPU
		{BA751510-9A20-42C2-B220-B59FE6477476}.Release|Any CPU.Build.0 = Release|Any CPU
	EndGlobalSection
	GlobalSection(SolutionProperties) = preSolution
		HideSolutionNode = FALSE
	EndGlobalSection
	GlobalSection(NestedProjects) = preSolution
		{0F8BBE0F-6266-4F9B-8BD7-50E918D3B8ED} = {02EA681E-C7D8-13C7-8484-4AC65E1B71E8}
		{55FCA17A-F273-49EA-9475-553F8C6F86B1} = {02EA681E-C7D8-13C7-8484-4AC65E1B71E8}
		{89B95FA9-71DB-4CFF-987D-3BE0FA7464A6} = {02EA681E-C7D8-13C7-8484-4AC65E1B71E8}
		{36BB3D8E-FF79-4B1D-88C2-6EE42E90811E} = {7C738EBF-E112-40E6-9E5C-911FBFF09C0D}
		{32AB1060-AD38-4D3A-99C1-1ADC26E2CA32} = {7C738EBF-E112-40E6-9E5C-911FBFF09C0D}
		{BA751510-9A20-42C2-B220-B59FE6477476} = {7C738EBF-E112-40E6-9E5C-911FBFF09C0D}
	EndGlobalSection
	GlobalSection(ExtensibilityGlobals) = postSolution
		SolutionGuid = {DB8E6001-4682-46F1-9F49-A030B1AA276E}
	EndGlobalSection
EndGlobal
