
Microsoft Visual Studio Solution File, Format Version 12.00
# Visual Studio Version 17
VisualStudioVersion = 17.14.36518.9
MinimumVisualStudioVersion = 10.0.40219.1
Project("{2150E333-8FDC-42A3-9474-1A3956D46DE8}") = "Task0", "Task0", "{02EA681E-C7D8-13C7-8484-4AC65E1B71E8}"
EndProject
Project("{FAE04EC0-301F-11D3-BF4B-00C04F79EFBC}") = "Tyuiu.YachmenevaPV.Sprint5.Task0.V11", "Tyuiu.YachmenevaPV.Sprint5.Task0.V11\Tyuiu.YachmenevaPV.Sprint5.Task0.V11.csproj", "{0F8BBE0F-6266-4F9B-8BD7-50E918D3B8ED}"
EndProject
Project("{FAE04EC0-301F-11D3-BF4B-00C04F79EFBC}") = "Tyuiu.YachmenevaPV.Sprint5.Task0.V11.Lib", "Tyuiu.YachmenevaPV.Sprint5.Task0.V11.Lib\Tyuiu.YachmenevaPV.Sprint5.Task0.V11.Lib.csproj", "{55FCA17A-F273-49EA-9475-553F8C6F86B1}"
EndProject
Project("{FAE04EC0-301F-11D3-BF4B-00C04F79EFBC}") = "Tyuiu.YachmenevaPV.Sprint5.Task0.V11.Test", "Tyuiu.YachmenevaPV.Sprint5.Task0.V11.Test\Tyuiu.YachmenevaPV.Sprint5.Task0.V11.Test.csproj", "{89B95FA9-71DB-4CFF-987D-3BE0FA7464A6}"
EndProject
Project("{2150E333-8FDC-42A3-9474-1A3956D46DE8}") = "Task1", "Task1", "{7C738EBF-E112-40E6-9E5C-911FBFF09C0D}"
EndProject
Project("{FAE04EC0-301F-11D3-BF4B-00C04F79EFBC}") = "Tyuiu.YachmenevaPV.Sprint5.Task1.V9", "Tyuiu.YachmenevaPV.Sprint5.Task1.V9\Tyuiu.YachmenevaPV.Sprint5.Task1.V9.csproj", "{36BB3D8E-FF79-4B1D-88C2-6EE42E90811E}"
EndProject
Project("{FAE04EC0-301F-11D3-BF4B-00C04F79EFBC}") = "Tyuiu.YachmenevaPV.Sprint5.Task1.V9.Lib", "Tyuiu.YachmenevaPV.Sprint5.Task1.V9.Lib\Tyuiu.YachmenevaPV.Sprint5.Task1.V9.Lib.csproj", "{32AB1060-AD38-4D3A-99C1-1ADC26E2CA32}"
EndProject
Project("{FAE04EC0-301F-11D3-BF4B-00C04F79EFBC}") = "Tyuiu.YachmenevaPV.Sprint5.Task1.V9.Test", "Tyuiu.YachmenevaPV.Sprint5.Task1.V9.Test\Tyuiu.YachmenevaPV.Sprint5.Task1.V9.Test.csproj", "{BA751510-9A20-42C2-B220-B59FE6477476}"
EndProject
Project("{2150E333-8FDC-42A3-9474-1A3956D46DE8}") = "Task2", "Task2", "{C86CF78E-B272-4181-A5FF-63675264E619}"
EndProject
Project("{FAE04EC0-301F-11D3-BF4B-00C04F79EFBC}") = "Tyuiu.YachmenevaPV.Sprint5.Task2.V1", "Tyuiu.YachmenevaPV.Sprint5.Task2.V1\Tyuiu.YachmenevaPV.Sprint5.Task2.V1.csproj", "{AD99C54B-53CC-4833-80FE-C3549621255E}"
EndProject
Project("{FAE04EC0-301F-11D3-BF4B-00C04F79EFBC}") = "Tyuiu.YachmenevaPV.Sprint5.Task2.V1.Lib", "Tyuiu.YachmenevaPV.Sprint5.Task2.V1.Lib\Tyuiu.YachmenevaPV.Sprint5.Task2.V1.Lib.csproj", "{50AE1461-415A-4C4C-B146-1BF52C28C5C4}"
EndProject
Project("{FAE04EC0-301F-11D3-BF4B-00C04F79EFBC}") = "Tyuiu.YachmenevaPV.Sprint5.Task2.V1.Test", "Tyuiu.YachmenevaPV.Sprint5.Task2.V1.Test\Tyuiu.YachmenevaPV.Sprint5.Task2.V1.Test.csproj", "{CC659AB6-0CFB-4017-8063-24F06D1F4A6D}"
EndProject
Project("{2150E333-8FDC-42A3-9474-1A3956D46DE8}") = "Task3", "Task3", "{3FA13953-8878-4322-A861-E76A0D107C47}"
EndProject
Project("{FAE04EC0-301F-11D3-BF4B-00C04F79EFBC}") = "Tyuiu.YachmenevaPV.Sprint5.Task3.V6", "Tyuiu.YachmenevaPV.Sprint5.Task3.V6\Tyuiu.YachmenevaPV.Sprint5.Task3.V6.csproj", "{4C5C84DA-E3E9-430C-B652-DBE0B9BD473A}"
EndProject
Project("{FAE04EC0-301F-11D3-BF4B-00C04F79EFBC}") = "Tyuiu.YachmenevaPV.Sprint5.Task3.V6.Lib", "Tyuiu.YachmenevaPV.Sprint5.Task3.V6.Lib\Tyuiu.YachmenevaPV.Sprint5.Task3.V6.Lib.csproj", "{425FC522-DE7C-4DA4-BAA4-C5A10702D09B}"
EndProject
Project("{FAE04EC0-301F-11D3-BF4B-00C04F79EFBC}") = "Tyuiu.YachmenevaPV.Sprint5.Task3.V6.Test", "Tyuiu.YachmenevaPV.Sprint5.Task3.V6.Test\Tyuiu.YachmenevaPV.Sprint5.Task3.V6.Test.csproj", "{94C51E32-C534-4308-A63A-149BE398CBA5}"
EndProject
Project("{2150E333-8FDC-42A3-9474-1A3956D46DE8}") = "Task4", "Task4", "{87590B0D-91DB-4A9F-95AB-3D07D10D795A}"
EndProject
Project("{FAE04EC0-301F-11D3-BF4B-00C04F79EFBC}") = "Tyuiu.YachmenevaPV.Sprint5.Task4.V11", "Tyuiu.YachmenevaPV.Sprint5.Task4.V11\Tyuiu.YachmenevaPV.Sprint5.Task4.V11.csproj", "{AC3E64ED-C88A-4AE4-9AC1-D1938FBAB4A9}"
EndProject
Project("{FAE04EC0-301F-11D3-BF4B-00C04F79EFBC}") = "Tyuiu.YachmenevaPV.Sprint5.Task4.V11.Lib", "Tyuiu.YachmenevaPV.Sprint5.Task4.V11.Lib\Tyuiu.YachmenevaPV.Sprint5.Task4.V11.Lib.csproj", "{B4E717C8-FE73-44E5-88A8-11EA3DE8CA81}"
EndProject
Project("{FAE04EC0-301F-11D3-BF4B-00C04F79EFBC}") = "Tyuiu.YachmenevaPV.Sprint5.Task4.V11.Test", "Tyuiu.YachmenevaPV.Sprint5.Task4.V11.Test\Tyuiu.YachmenevaPV.Sprint5.Task4.V11.Test.csproj", "{91691D1E-C465-493F-91C7-CB08E2BA368A}"
EndProject
Project("{2150E333-8FDC-42A3-9474-1A3956D46DE8}") = "Task5", "Task5", "{12E1C069-F258-49B0-A9B2-7AF62AE0F3E0}"
EndProject
Project("{FAE04EC0-301F-11D3-BF4B-00C04F79EFBC}") = "Tyuiu.YachmenevaPV.Sprint5.Task5.V8", "Tyuiu.YachmenevaPV.Sprint5.Task5.V8\Tyuiu.YachmenevaPV.Sprint5.Task5.V8.csproj", "{3C4CC4B6-9308-4CA2-8AF3-99B49224A4BF}"
EndProject
Project("{FAE04EC0-301F-11D3-BF4B-00C04F79EFBC}") = "Tyuiu.YachmenevaPV.Sprint5.Task5.V8.Lib", "Tyuiu.YachmenevaPV.Sprint5.Task5.V8.Lib\Tyuiu.YachmenevaPV.Sprint5.Task5.V8.Lib.csproj", "{931028EA-76FB-4DF0-866C-C5A43F0773B8}"
EndProject
Project("{FAE04EC0-301F-11D3-BF4B-00C04F79EFBC}") = "Tyuiu.YachmenevaPV.Sprint5.Task5.V8.Test", "Tyuiu.YachmenevaPV.Sprint5.Task5.V8.Test\Tyuiu.YachmenevaPV.Sprint5.Task5.V8.Test.csproj", "{2724FD00-C5F5-4621-8C63-B9EBFF364C66}"
EndProject
Project("{2150E333-8FDC-42A3-9474-1A3956D46DE8}") = "Task6", "Task6", "{5E357C11-46F1-435B-AC18-63DA8F08A4A1}"
EndProject
Project("{FAE04EC0-301F-11D3-BF4B-00C04F79EFBC}") = "Tyuiu.YachmenevaPV.Sprint5.Task6.V17", "Tyuiu.YachmenevaPV.Sprint5.Task6.V17\Tyuiu.YachmenevaPV.Sprint5.Task6.V17.csproj", "{CC29CF91-6000-4E8C-A734-749EB154FE46}"
EndProject
Project("{FAE04EC0-301F-11D3-BF4B-00C04F79EFBC}") = "Tyuiu.YachmenevaPV.Sprint5.Task6.V17.Lib", "Tyuiu.YachmenevaPV.Sprint5.Task6.V17.Lib\Tyuiu.YachmenevaPV.Sprint5.Task6.V17.Lib.csproj", "{D59E4F80-3866-4F0F-B947-1D6FC86DAB48}"
EndProject
Project("{FAE04EC0-301F-11D3-BF4B-00C04F79EFBC}") = "Tyuiu.YachmenevaPV.Sprint5.Task6.V17.Test", "Tyuiu.YachmenevaPV.Sprint5.Task6.V17.Test\Tyuiu.YachmenevaPV.Sprint5.Task6.V17.Test.csproj", "{D358179B-C992-4BC4-86E5-6A8CDB82A20E}"
EndProject
Project("{2150E333-8FDC-42A3-9474-1A3956D46DE8}") = "Task7", "Task7", "{1E104064-9740-4249-8840-A829FC2937E2}"
EndProject
Project("{FAE04EC0-301F-11D3-BF4B-00C04F79EFBC}") = "Tyuiu.YachmenevaPV.Sprint5.Task7.V10", "Tyuiu.YachmenevaPV.Sprint5.Task7.V10\Tyuiu.YachmenevaPV.Sprint5.Task7.V10.csproj", "{3FC54582-6E1F-48CF-B175-86DF3370E023}"
EndProject
Project("{FAE04EC0-301F-11D3-BF4B-00C04F79EFBC}") = "Tyuiu.YachmenevaPV.Sprint5.Task7.V10.Lib", "Tyuiu.YachmenevaPV.Sprint5.Task7.V10.Lib\Tyuiu.YachmenevaPV.Sprint5.Task7.V10.Lib.csproj", "{164F13DA-4D0B-4FB4-A62A-DEC4A291F112}"
EndProject
Project("{FAE04EC0-301F-11D3-BF4B-00C04F79EFBC}") = "Tyuiu.YachmenevaPV.Sprint5.Task7.V10.Test", "Tyuiu.YachmenevaPV.Sprint5.Task7.V10.Test\Tyuiu.YachmenevaPV.Sprint5.Task7.V10.Test.csproj", "{F6F24B2A-8C67-4DA4-A9BF-723AFF7525C7}"
EndProject
Global
	GlobalSection(SolutionConfigurationPlatforms) = preSolution
		Debug|Any CPU = Debug|Any CPU
		Release|Any CPU = Release|Any CPU
	EndGlobalSection
	GlobalSection(ProjectConfigurationPlatforms) = postSolution
		{0F8BBE0F-6266-4F9B-8BD7-50E918D3B8ED}.Debug|Any CPU.ActiveCfg = Debug|Any CPU
		{0F8BBE0F-6266-4F9B-8BD7-50E918D3B8ED}.Debug|Any CPU.Build.0 = Debug|Any CPU
		{0F8BBE0F-6266-4F9B-8BD7-50E918D3B8ED}.Release|Any CPU.ActiveCfg = Release|Any CPU
		{0F8BBE0F-6266-4F9B-8BD7-50E918D3B8ED}.Release|Any CPU.Build.0 = Release|Any CPU
		{55FCA17A-F273-49EA-9475-553F8C6F86B1}.Debug|Any CPU.ActiveCfg = Debug|Any CPU
		{55FCA17A-F273-49EA-9475-553F8C6F86B1}.Debug|Any CPU.Build.0 = Debug|Any CPU
		{55FCA17A-F273-49EA-9475-553F8C6F86B1}.Release|Any CPU.ActiveCfg = Release|Any CPU
		{55FCA17A-F273-49EA-9475-553F8C6F86B1}.Release|Any CPU.Build.0 = Release|Any CPU
		{89B95FA9-71DB-4CFF-987D-3BE0FA7464A6}.Debug|Any CPU.ActiveCfg = Debug|Any CPU
		{89B95FA9-71DB-4CFF-987D-3BE0FA7464A6}.Debug|Any CPU.Build.0 = Debug|Any CPU
		{89B95FA9-71DB-4CFF-987D-3BE0FA7464A6}.Release|Any CPU.ActiveCfg = Release|Any CPU
		{89B95FA9-71DB-4CFF-987D-3BE0FA7464A6}.Release|Any CPU.Build.0 = Release|Any CPU
		{36BB3D8E-FF79-4B1D-88C2-6EE42E90811E}.Debug|Any CPU.ActiveCfg = Debug|Any CPU
		{36BB3D8E-FF79-4B1D-88C2-6EE42E90811E}.Debug|Any CPU.Build.0 = Debug|Any CPU
		{36BB3D8E-FF79-4B1D-88C2-6EE42E90811E}.Release|Any CPU.ActiveCfg = Release|Any CPU
		{36BB3D8E-FF79-4B1D-88C2-6EE42E90811E}.Release|Any CPU.Build.0 = Release|Any CPU
		{32AB1060-AD38-4D3A-99C1-1ADC26E2CA32}.Debug|Any CPU.ActiveCfg = Debug|Any CPU
		{32AB1060-AD38-4D3A-99C1-1ADC26E2CA32}.Debug|Any CPU.Build.0 = Debug|Any CPU
		{32AB1060-AD38-4D3A-99C1-1ADC26E2CA32}.Release|Any CPU.ActiveCfg = Release|Any CPU
		{32AB1060-AD38-4D3A-99C1-1ADC26E2CA32}.Release|Any CPU.Build.0 = Release|Any CPU
		{BA751510-9A20-42C2-B220-B59FE6477476}.Debug|Any CPU.ActiveCfg = Debug|Any CPU
		{BA751510-9A20-42C2-B220-B59FE6477476}.Debug|Any CPU.Build.0 = Debug|Any CPU
		{BA751510-9A20-42C2-B220-B59FE6477476}.Release|Any CPU.ActiveCfg = Release|Any CPU
		{BA751510-9A20-42C2-B220-B59FE6477476}.Release|Any CPU.Build.0 = Release|Any CPU
		{AD99C54B-53CC-4833-80FE-C3549621255E}.Debug|Any CPU.ActiveCfg = Debug|Any CPU
		{AD99C54B-53CC-4833-80FE-C3549621255E}.Debug|Any CPU.Build.0 = Debug|Any CPU
		{AD99C54B-53CC-4833-80FE-C3549621255E}.Release|Any CPU.ActiveCfg = Release|Any CPU
		{AD99C54B-53CC-4833-80FE-C3549621255E}.Release|Any CPU.Build.0 = Release|Any CPU
		{50AE1461-415A-4C4C-B146-1BF52C28C5C4}.Debug|Any CPU.ActiveCfg = Debug|Any CPU
		{50AE1461-415A-4C4C-B146-1BF52C28C5C4}.Debug|Any CPU.Build.0 = Debug|Any CPU
		{50AE1461-415A-4C4C-B146-1BF52C28C5C4}.Release|Any CPU.ActiveCfg = Release|Any CPU
		{50AE1461-415A-4C4C-B146-1BF52C28C5C4}.Release|Any CPU.Build.0 = Release|Any CPU
		{CC659AB6-0CFB-4017-8063-24F06D1F4A6D}.Debug|Any CPU.ActiveCfg = Debug|Any CPU
		{CC659AB6-0CFB-4017-8063-24F06D1F4A6D}.Debug|Any CPU.Build.0 = Debug|Any CPU
		{CC659AB6-0CFB-4017-8063-24F06D1F4A6D}.Release|Any CPU.ActiveCfg = Release|Any CPU
		{CC659AB6-0CFB-4017-8063-24F06D1F4A6D}.Release|Any CPU.Build.0 = Release|Any CPU
		{4C5C84DA-E3E9-430C-B652-DBE0B9BD473A}.Debug|Any CPU.ActiveCfg = Debug|Any CPU
		{4C5C84DA-E3E9-430C-B652-DBE0B9BD473A}.Debug|Any CPU.Build.0 = Debug|Any CPU
		{4C5C84DA-E3E9-430C-B652-DBE0B9BD473A}.Release|Any CPU.ActiveCfg = Release|Any CPU
		{4C5C84DA-E3E9-430C-B652-DBE0B9BD473A}.Release|Any CPU.Build.0 = Release|Any CPU
		{425FC522-DE7C-4DA4-BAA4-C5A10702D09B}.Debug|Any CPU.ActiveCfg = Debug|Any CPU
		{425FC522-DE7C-4DA4-BAA4-C5A10702D09B}.Debug|Any CPU.Build.0 = Debug|Any CPU
		{425FC522-DE7C-4DA4-BAA4-C5A10702D09B}.Release|Any CPU.ActiveCfg = Release|Any CPU
		{425FC522-DE7C-4DA4-BAA4-C5A10702D09B}.Release|Any CPU.Build.0 = Release|Any CPU
		{94C51E32-C534-4308-A63A-149BE398CBA5}.Debug|Any CPU.ActiveCfg = Debug|Any CPU
		{94C51E32-C534-4308-A63A-149BE398CBA5}.Debug|Any CPU.Build.0 = Debug|Any CPU
		{94C51E32-C534-4308-A63A-149BE398CBA5}.Release|Any CPU.ActiveCfg = Release|Any CPU
		{94C51E32-C534-4308-A63A-149BE398CBA5}.Release|Any CPU.Build.0 = Release|Any CPU
		{AC3E64ED-C88A-4AE4-9AC1-D1938FBAB4A9}.Debug|Any CPU.ActiveCfg = Debug|Any CPU
		{AC3E64ED-C88A-4AE4-9AC1-D1938FBAB4A9}.Debug|Any CPU.Build.0 = Debug|Any CPU
		{AC3E64ED-C88A-4AE4-9AC1-D1938FBAB4A9}.Release|Any CPU.ActiveCfg = Release|Any CPU
		{AC3E64ED-C88A-4AE4-9AC1-D1938FBAB4A9}.Release|Any CPU.Build.0 = Release|Any CPU
		{B4E717C8-FE73-44E5-88A8-11EA3DE8CA81}.Debug|Any CPU.ActiveCfg = Debug|Any CPU
		{B4E717C8-FE73-44E5-88A8-11EA3DE8CA81}.Debug|Any CPU.Build.0 = Debug|Any CPU
		{B4E717C8-FE73-44E5-88A8-11EA3DE8CA81}.Release|Any CPU.ActiveCfg = Release|Any CPU
		{B4E717C8-FE73-44E5-88A8-11EA3DE8CA81}.Release|Any CPU.Build.0 = Release|Any CPU
		{91691D1E-C465-493F-91C7-CB08E2BA368A}.Debug|Any CPU.ActiveCfg = Debug|Any CPU
		{91691D1E-C465-493F-91C7-CB08E2BA368A}.Debug|Any CPU.Build.0 = Debug|Any CPU
		{91691D1E-C465-493F-91C7-CB08E2BA368A}.Release|Any CPU.ActiveCfg = Release|Any CPU
		{91691D1E-C465-493F-91C7-CB08E2BA368A}.Release|Any CPU.Build.0 = Release|Any CPU
		{3C4CC4B6-9308-4CA2-8AF3-99B49224A4BF}.Debug|Any CPU.ActiveCfg = Debug|Any CPU
		{3C4CC4B6-9308-4CA2-8AF3-99B49224A4BF}.Debug|Any CPU.Build.0 = Debug|Any CPU
		{3C4CC4B6-9308-4CA2-8AF3-99B49224A4BF}.Release|Any CPU.ActiveCfg = Release|Any CPU
		{3C4CC4B6-9308-4CA2-8AF3-99B49224A4BF}.Release|Any CPU.Build.0 = Release|Any CPU
		{931028EA-76FB-4DF0-866C-C5A43F0773B8}.Debug|Any CPU.ActiveCfg = Debug|Any CPU
		{931028EA-76FB-4DF0-866C-C5A43F0773B8}.Debug|Any CPU.Build.0 = Debug|Any CPU
		{931028EA-76FB-4DF0-866C-C5A43F0773B8}.Release|Any CPU.ActiveCfg = Release|Any CPU
		{931028EA-76FB-4DF0-866C-C5A43F0773B8}.Release|Any CPU.Build.0 = Release|Any CPU
		{2724FD00-C5F5-4621-8C63-B9EBFF364C66}.Debug|Any CPU.ActiveCfg = Debug|Any CPU
		{2724FD00-C5F5-4621-8C63-B9EBFF364C66}.Debug|Any CPU.Build.0 = Debug|Any CPU
		{2724FD00-C5F5-4621-8C63-B9EBFF364C66}.Release|Any CPU.ActiveCfg = Release|Any CPU
		{2724FD00-C5F5-4621-8C63-B9EBFF364C66}.Release|Any CPU.Build.0 = Release|Any CPU
		{CC29CF91-6000-4E8C-A734-749EB154FE46}.Debug|Any CPU.ActiveCfg = Debug|Any CPU
		{CC29CF91-6000-4E8C-A734-749EB154FE46}.Debug|Any CPU.Build.0 = Debug|Any CPU
		{CC29CF91-6000-4E8C-A734-749EB154FE46}.Release|Any CPU.ActiveCfg = Release|Any CPU
		{CC29CF91-6000-4E8C-A734-749EB154FE46}.Release|Any CPU.Build.0 = Release|Any CPU
		{D59E4F80-3866-4F0F-B947-1D6FC86DAB48}.Debug|Any CPU.ActiveCfg = Debug|Any CPU
		{D59E4F80-3866-4F0F-B947-1D6FC86DAB48}.Debug|Any CPU.Build.0 = Debug|Any CPU
		{D59E4F80-3866-4F0F-B947-1D6FC86DAB48}.Release|Any CPU.ActiveCfg = Release|Any CPU
		{D59E4F80-3866-4F0F-B947-1D6FC86DAB48}.Release|Any CPU.Build.0 = Release|Any CPU
		{D358179B-C992-4BC4-86E5-6A8CDB82A20E}.Debug|Any CPU.ActiveCfg = Debug|Any CPU
		{D358179B-C992-4BC4-86E5-6A8CDB82A20E}.Debug|Any CPU.Build.0 = Debug|Any CPU
		{D358179B-C992-4BC4-86E5-6A8CDB82A20E}.Release|Any CPU.ActiveCfg = Release|Any CPU
		{D358179B-C992-4BC4-86E5-6A8CDB82A20E}.Release|Any CPU.Build.0 = Release|Any CPU
		{3FC54582-6E1F-48CF-B175-86DF3370E023}.Debug|Any CPU.ActiveCfg = Debug|Any CPU
		{3FC54582-6E1F-48CF-B175-86DF3370E023}.Debug|Any CPU.Build.0 = Debug|Any CPU
		{3FC54582-6E1F-48CF-B175-86DF3370E023}.Release|Any CPU.ActiveCfg = Release|Any CPU
		{3FC54582-6E1F-48CF-B175-86DF3370E023}.Release|Any CPU.Build.0 = Release|Any CPU
		{164F13DA-4D0B-4FB4-A62A-DEC4A291F112}.Debug|Any CPU.ActiveCfg = Debug|Any CPU
		{164F13DA-4D0B-4FB4-A62A-DEC4A291F112}.Debug|Any CPU.Build.0 = Debug|Any CPU
		{164F13DA-4D0B-4FB4-A62A-DEC4A291F112}.Release|Any CPU.ActiveCfg = Release|Any CPU
		{164F13DA-4D0B-4FB4-A62A-DEC4A291F112}.Release|Any CPU.Build.0 = Release|Any CPU
		{F6F24B2A-8C67-4DA4-A9BF-723AFF7525C7}.Debug|Any CPU.ActiveCfg = Debug|Any CPU
		{F6F24B2A-8C67-4DA4-A9BF-723AFF7525C7}.Debug|Any CPU.Build.0 = Debug|Any CPU
		{F6F24B2A-8C67-4DA4-A9BF-723AFF7525C7}.Release|Any CPU.ActiveCfg = Release|Any CPU
		{F6F24B2A-8C67-4DA4-A9BF-723AFF7525C7}.Release|Any CPU.Build.0 = Release|Any CPU
	EndGlobalSection
	GlobalSection(SolutionProperties) = preSolution
		HideSolutionNode = FALSE
	EndGlobalSection
	GlobalSection(NestedProjects) = preSolution
		{0F8BBE0F-6266-4F9B-8BD7-50E918D3B8ED} = {02EA681E-C7D8-13C7-8484-4AC65E1B71E8}
		{55FCA17A-F273-49EA-9475-553F8C6F86B1} = {02EA681E-C7D8-13C7-8484-4AC65E1B71E8}
		{89B95FA9-71DB-4CFF-987D-3BE0FA7464A6} = {02EA681E-C7D8-13C7-8484-4AC65E1B71E8}
		{36BB3D8E-FF79-4B1D-88C2-6EE42E90811E} = {7C738EBF-E112-40E6-9E5C-911FBFF09C0D}
		{32AB1060-AD38-4D3A-99C1-1ADC26E2CA32} = {7C738EBF-E112-40E6-9E5C-911FBFF09C0D}
		{BA751510-9A20-42C2-B220-B59FE6477476} = {7C738EBF-E112-40E6-9E5C-911FBFF09C0D}
		{AD99C54B-53CC-4833-80FE-C3549621255E} = {C86CF78E-B272-4181-A5FF-63675264E619}
		{50AE1461-415A-4C4C-B146-1BF52C28C5C4} = {C86CF78E-B272-4181-A5FF-63675264E619}
		{CC659AB6-0CFB-4017-8063-24F06D1F4A6D} = {C86CF78E-B272-4181-A5FF-63675264E619}
		{4C5C84DA-E3E9-430C-B652-DBE0B9BD473A} = {3FA13953-8878-4322-A861-E76A0D107C47}
		{425FC522-DE7C-4DA4-BAA4-C5A10702D09B} = {3FA13953-8878-4322-A861-E76A0D107C47}
		{94C51E32-C534-4308-A63A-149BE398CBA5} = {3FA13953-8878-4322-A861-E76A0D107C47}
		{AC3E64ED-C88A-4AE4-9AC1-D1938FBAB4A9} = {87590B0D-91DB-4A9F-95AB-3D07D10D795A}
		{B4E717C8-FE73-44E5-88A8-11EA3DE8CA81} = {87590B0D-91DB-4A9F-95AB-3D07D10D795A}
		{91691D1E-C465-493F-91C7-CB08E2BA368A} = {87590B0D-91DB-4A9F-95AB-3D07D10D795A}
		{3C4CC4B6-9308-4CA2-8AF3-99B49224A4BF} = {12E1C069-F258-49B0-A9B2-7AF62AE0F3E0}
		{931028EA-76FB-4DF0-866C-C5A43F0773B8} = {12E1C069-F258-49B0-A9B2-7AF62AE0F3E0}
		{2724FD00-C5F5-4621-8C63-B9EBFF364C66} = {12E1C069-F258-49B0-A9B2-7AF62AE0F3E0}
		{CC29CF91-6000-4E8C-A734-749EB154FE46} = {5E357C11-46F1-435B-AC18-63DA8F08A4A1}
		{D59E4F80-3866-4F0F-B947-1D6FC86DAB48} = {5E357C11-46F1-435B-AC18-63DA8F08A4A1}
		{D358179B-C992-4BC4-86E5-6A8CDB82A20E} = {5E357C11-46F1-435B-AC18-63DA8F08A4A1}
		{3FC54582-6E1F-48CF-B175-86DF3370E023} = {1E104064-9740-4249-8840-A829FC2937E2}
		{164F13DA-4D0B-4FB4-A62A-DEC4A291F112} = {1E104064-9740-4249-8840-A829FC2937E2}
		{F6F24B2A-8C67-4DA4-A9BF-723AFF7525C7} = {1E104064-9740-4249-8840-A829FC2937E2}
	EndGlobalSection
	GlobalSection(ExtensibilityGlobals) = postSolution
		SolutionGuid = {DB8E6001-4682-46F1-9F49-A030B1AA276E}
	EndGlobalSection
EndGlobal
